
Microsoft Visual Studio Solution File, Format Version 12.00
# Visual Studio Version 17
VisualStudioVersion = 17.8.34316.72
MinimumVisualStudioVersion = 10.0.40219.1
Project("{9A19103F-16F7-4668-BE54-9A1E7A4F7556}") = "Events", "Events\Events.csproj", "{4C1CBDB9-CD80-4858-AFB5-621F719CC4A5}"
EndProject
Project("{9A19103F-16F7-4668-BE54-9A1E7A4F7556}") = "reference&value_type", "reference&value_type\reference&value_type.csproj", "{DF267707-9540-4344-9061-2EEE408D3DDC}"
EndProject
Project("{9A19103F-16F7-4668-BE54-9A1E7A4F7556}") = "abstract", "Interface and Polymorphism\abstract.csproj", "{EAFCE890-9EAB-4497-8C38-89F2A10E0044}"
EndProject
Project("{9A19103F-16F7-4668-BE54-9A1E7A4F7556}") = "static", "static\static.csproj", "{866FBD0C-6FA4-4F1E-804A-2F252EDA3413}"
EndProject
Project("{9A19103F-16F7-4668-BE54-9A1E7A4F7556}") = "Collections", "Collections\Collections.csproj", "{629DB59C-B1BB-4545-9D5C-7AB064663168}"
EndProject
Project("{FAE04EC0-301F-11D3-BF4B-00C04F79EFBC}") = "Interface", "Interface\Interface.csproj", "{1786D5E2-952D-4AF1-A575-4808F5B2FF94}"
EndProject
Global
	GlobalSection(SolutionConfigurationPlatforms) = preSolution
		Debug|Any CPU = Debug|Any CPU
		Release|Any CPU = Release|Any CPU
	EndGlobalSection
	GlobalSection(ProjectConfigurationPlatforms) = postSolution
		{4C1CBDB9-CD80-4858-AFB5-621F719CC4A5}.Debug|Any CPU.ActiveCfg = Debug|Any CPU
		{4C1CBDB9-CD80-4858-AFB5-621F719CC4A5}.Debug|Any CPU.Build.0 = Debug|Any CPU
		{4C1CBDB9-CD80-4858-AFB5-621F719CC4A5}.Release|Any CPU.ActiveCfg = Release|Any CPU
		{4C1CBDB9-CD80-4858-AFB5-621F719CC4A5}.Release|Any CPU.Build.0 = Release|Any CPU
		{DF267707-9540-4344-9061-2EEE408D3DDC}.Debug|Any CPU.ActiveCfg = Debug|Any CPU
		{DF267707-9540-4344-9061-2EEE408D3DDC}.Debug|Any CPU.Build.0 = Debug|Any CPU
		{DF267707-9540-4344-9061-2EEE408D3DDC}.Release|Any CPU.ActiveCfg = Release|Any CPU
		{DF267707-9540-4344-9061-2EEE408D3DDC}.Release|Any CPU.Build.0 = Release|Any CPU
		{EAFCE890-9EAB-4497-8C38-89F2A10E0044}.Debug|Any CPU.ActiveCfg = Debug|Any CPU
		{EAFCE890-9EAB-4497-8C38-89F2A10E0044}.Debug|Any CPU.Build.0 = Debug|Any CPU
		{EAFCE890-9EAB-4497-8C38-89F2A10E0044}.Release|Any CPU.ActiveCfg = Release|Any CPU
		{EAFCE890-9EAB-4497-8C38-89F2A10E0044}.Release|Any CPU.Build.0 = Release|Any CPU
		{866FBD0C-6FA4-4F1E-804A-2F252EDA3413}.Debug|Any CPU.ActiveCfg = Debug|Any CPU
		{866FBD0C-6FA4-4F1E-804A-2F252EDA3413}.Debug|Any CPU.Build.0 = Debug|Any CPU
		{866FBD0C-6FA4-4F1E-804A-2F252EDA3413}.Release|Any CPU.ActiveCfg = Release|Any CPU
		{866FBD0C-6FA4-4F1E-804A-2F252EDA3413}.Release|Any CPU.Build.0 = Release|Any CPU
		{629DB59C-B1BB-4545-9D5C-7AB064663168}.Debug|Any CPU.ActiveCfg = Debug|Any CPU
		{629DB59C-B1BB-4545-9D5C-7AB064663168}.Debug|Any CPU.Build.0 = Debug|Any CPU
		{629DB59C-B1BB-4545-9D5C-7AB064663168}.Release|Any CPU.ActiveCfg = Release|Any CPU
		{629DB59C-B1BB-4545-9D5C-7AB064663168}.Release|Any CPU.Build.0 = Release|Any CPU
		{1786D5E2-952D-4AF1-A575-4808F5B2FF94}.Debug|Any CPU.ActiveCfg = Debug|Any CPU
		{1786D5E2-952D-4AF1-A575-4808F5B2FF94}.Debug|Any CPU.Build.0 = Debug|Any CPU
		{1786D5E2-952D-4AF1-A575-4808F5B2FF94}.Release|Any CPU.ActiveCfg = Release|Any CPU
		{1786D5E2-952D-4AF1-A575-4808F5B2FF94}.Release|Any CPU.Build.0 = Release|Any CPU
	EndGlobalSection
	GlobalSection(SolutionProperties) = preSolution
		HideSolutionNode = FALSE
	EndGlobalSection
	GlobalSection(ExtensibilityGlobals) = postSolution
		SolutionGuid = {E6324532-100E-4D06-9A7B-12F68DA3A0F5}
	EndGlobalSection
EndGlobal
